
Microsoft Visual Studio Solution File, Format Version 12.00
# Visual Studio Version 17
VisualStudioVersion = 17.1.32328.378
MinimumVisualStudioVersion = 10.0.40219.1
Project("{FAE04EC0-301F-11D3-BF4B-00C04F79EFBC}") = "TestPath", "TestPath\TestPath.csproj", "{49800134-3265-40E8-A19E-8090E0CB676C}"
EndProject
Global
	GlobalSection(SolutionConfigurationPlatforms) = preSolution
		Debug|Any CPU = Debug|Any CPU
		Release|Any CPU = Release|Any CPU
	EndGlobalSection
	GlobalSection(ProjectConfigurationPlatforms) = postSolution
		{49800134-3265-40E8-A19E-8090E0CB676C}.Debug|Any CPU.ActiveCfg = Debug|Any CPU
		{49800134-3265-40E8-A19E-8090E0CB676C}.Debug|Any CPU.Build.0 = Debug|Any CPU
		{49800134-3265-40E8-A19E-8090E0CB676C}.Release|Any CPU.ActiveCfg = Release|Any CPU
		{49800134-3265-40E8-A19E-8090E0CB676C}.Release|Any CPU.Build.0 = Release|Any CPU
	EndGlobalSection
	GlobalSection(SolutionProperties) = preSolution
		HideSolutionNode = FALSE
	EndGlobalSection
	GlobalSection(ExtensibilityGlobals) = postSolution
		SolutionGuid = {DE6E49E6-53CD-4FED-83AB-F9DE8D191114}
	EndGlobalSection
EndGlobal
